
Microsoft Visual Studio Solution File, Format Version 12.00
# Visual Studio 2015
Project("{FAE04EC0-301F-11D3-BF4B-00C04F79EFBC}") = "LevelEditingTest.CSharp", "LevelEditingTest.CSharp.csproj", "{867CF553-893E-6A6D-19BB-4CB1700B4C36}"
EndProject
Global
	GlobalSection(SolutionConfigurationPlatforms) = preSolution
		Debug|Any CPU = Debug|Any CPU
		Release|Any CPU = Release|Any CPU
	EndGlobalSection
	GlobalSection(ProjectConfigurationPlatforms) = postSolution
		{867CF553-893E-6A6D-19BB-4CB1700B4C36}.Debug|Any CPU.ActiveCfg = Debug|Any CPU
		{867CF553-893E-6A6D-19BB-4CB1700B4C36}.Debug|Any CPU.Build.0 = Debug|Any CPU
		{867CF553-893E-6A6D-19BB-4CB1700B4C36}.Release|Any CPU.ActiveCfg = Release|Any CPU
		{867CF553-893E-6A6D-19BB-4CB1700B4C36}.Release|Any CPU.Build.0 = Release|Any CPU
	EndGlobalSection
	GlobalSection(SolutionProperties) = preSolution
		HideSolutionNode = FALSE
	EndGlobalSection
EndGlobal
