Microsoft Visual Studio Solution File, Format Version 11.00
# Visual Studio 2008

Project("{6EAFAE99-015C-7B66-81FA-084323CBA427}") = "testProjectNLua", "Assembly-CSharp.csproj", "{58BCF923-853B-EAB4-BF14-FEDE6D0FB74E}"
EndProject
Global
	GlobalSection(SolutionConfigurationPlatforms) = preSolution
		Debug|Any CPU = Debug|Any CPU
		Release|Any CPU = Release|Any CPU
	EndGlobalSection
	GlobalSection(ProjectConfigurationPlatforms) = postSolution
		{58BCF923-853B-EAB4-BF14-FEDE6D0FB74E}.Debug|Any CPU.ActiveCfg = Debug|Any CPU
		{58BCF923-853B-EAB4-BF14-FEDE6D0FB74E}.Debug|Any CPU.Build.0 = Debug|Any CPU
		{58BCF923-853B-EAB4-BF14-FEDE6D0FB74E}.Release|Any CPU.ActiveCfg = Release|Any CPU
		{58BCF923-853B-EAB4-BF14-FEDE6D0FB74E}.Release|Any CPU.Build.0 = Release|Any CPU
	EndGlobalSection
	GlobalSection(SolutionProperties) = preSolution
		HideSolutionNode = FALSE
	EndGlobalSection
	GlobalSection(MonoDevelopProperties) = preSolution
		StartupItem = Assembly-CSharp.csproj
	EndGlobalSection
EndGlobal
