Microsoft Visual Studio Solution File, Format Version 11.00
# Visual Studio 2008

Project("{B8E08D80-C6AB-72EA-9CCD-92A7177A51DB}") = "NewLuaTesting", "Assembly-CSharp.csproj", "{A290D002-1B28-EB88-19C6-FD017DFC8A63}"
EndProject
Global
	GlobalSection(SolutionConfigurationPlatforms) = preSolution
		Debug|Any CPU = Debug|Any CPU
		Release|Any CPU = Release|Any CPU
	EndGlobalSection
	GlobalSection(ProjectConfigurationPlatforms) = postSolution
		{A290D002-1B28-EB88-19C6-FD017DFC8A63}.Debug|Any CPU.ActiveCfg = Debug|Any CPU
		{A290D002-1B28-EB88-19C6-FD017DFC8A63}.Debug|Any CPU.Build.0 = Debug|Any CPU
		{A290D002-1B28-EB88-19C6-FD017DFC8A63}.Release|Any CPU.ActiveCfg = Release|Any CPU
		{A290D002-1B28-EB88-19C6-FD017DFC8A63}.Release|Any CPU.Build.0 = Release|Any CPU
	EndGlobalSection
	GlobalSection(SolutionProperties) = preSolution
		HideSolutionNode = FALSE
	EndGlobalSection
	GlobalSection(MonoDevelopProperties) = preSolution
		StartupItem = Assembly-CSharp.csproj
	EndGlobalSection
EndGlobal
